// !$*UTF8*$!
{
	archiveVersion = 1;
	classes = {
	};
	objectVersion = 48;
	objects = {

/* Begin PBXBuildFile section */
		46640350C73884E4BA6EDB00 /* Pods_timeboARd.framework in Frameworks */ = {isa = PBXBuildFile; fileRef = 1370543F4C62E015E6F609B6 /* Pods_timeboARd.framework */; };
		923B546E1F9AE832004A45AA /* AppDelegate.swift in Sources */ = {isa = PBXBuildFile; fileRef = 923B546D1F9AE832004A45AA /* AppDelegate.swift */; };
		923B54701F9AE832004A45AA /* Scene.sks in Resources */ = {isa = PBXBuildFile; fileRef = 923B546F1F9AE832004A45AA /* Scene.sks */; };
		923B54721F9AE832004A45AA /* Scene.swift in Sources */ = {isa = PBXBuildFile; fileRef = 923B54711F9AE832004A45AA /* Scene.swift */; };
		923B54741F9AE832004A45AA /* ViewController.swift in Sources */ = {isa = PBXBuildFile; fileRef = 923B54731F9AE832004A45AA /* ViewController.swift */; };
		923B54771F9AE832004A45AA /* Main.storyboard in Resources */ = {isa = PBXBuildFile; fileRef = 923B54751F9AE832004A45AA /* Main.storyboard */; };
		923B54791F9AE832004A45AA /* Assets.xcassets in Resources */ = {isa = PBXBuildFile; fileRef = 923B54781F9AE832004A45AA /* Assets.xcassets */; };
		923B547C1F9AE832004A45AA /* LaunchScreen.storyboard in Resources */ = {isa = PBXBuildFile; fileRef = 923B547A1F9AE832004A45AA /* LaunchScreen.storyboard */; };
/* End PBXBuildFile section */

/* Begin PBXFileReference section */
		1370543F4C62E015E6F609B6 /* Pods_timeboARd.framework */ = {isa = PBXFileReference; explicitFileType = wrapper.framework; includeInIndex = 0; path = Pods_timeboARd.framework; sourceTree = BUILT_PRODUCTS_DIR; };
		923B546A1F9AE832004A45AA /* timeboARd.app */ = {isa = PBXFileReference; explicitFileType = wrapper.application; includeInIndex = 0; path = timeboARd.app; sourceTree = BUILT_PRODUCTS_DIR; };
		923B546D1F9AE832004A45AA /* AppDelegate.swift */ = {isa = PBXFileReference; lastKnownFileType = sourcecode.swift; path = AppDelegate.swift; sourceTree = "<group>"; };
		923B546F1F9AE832004A45AA /* Scene.sks */ = {isa = PBXFileReference; lastKnownFileType = file.sks; path = Scene.sks; sourceTree = "<group>"; };
		923B54711F9AE832004A45AA /* Scene.swift */ = {isa = PBXFileReference; lastKnownFileType = sourcecode.swift; path = Scene.swift; sourceTree = "<group>"; };
		923B54731F9AE832004A45AA /* ViewController.swift */ = {isa = PBXFileReference; lastKnownFileType = sourcecode.swift; path = ViewController.swift; sourceTree = "<group>"; };
		923B54761F9AE832004A45AA /* Base */ = {isa = PBXFileReference; lastKnownFileType = file.storyboard; name = Base; path = Base.lproj/Main.storyboard; sourceTree = "<group>"; };
		923B54781F9AE832004A45AA /* Assets.xcassets */ = {isa = PBXFileReference; lastKnownFileType = folder.assetcatalog; path = Assets.xcassets; sourceTree = "<group>"; };
		923B547B1F9AE832004A45AA /* Base */ = {isa = PBXFileReference; lastKnownFileType = file.storyboard; name = Base; path = Base.lproj/LaunchScreen.storyboard; sourceTree = "<group>"; };
		923B547D1F9AE832004A45AA /* Info.plist */ = {isa = PBXFileReference; lastKnownFileType = text.plist.xml; path = Info.plist; sourceTree = "<group>"; };
		9DEBFB055058BD848138B8A1 /* Pods-timeboARd.release.xcconfig */ = {isa = PBXFileReference; includeInIndex = 1; lastKnownFileType = text.xcconfig; name = "Pods-timeboARd.release.xcconfig"; path = "Pods/Target Support Files/Pods-timeboARd/Pods-timeboARd.release.xcconfig"; sourceTree = "<group>"; };
		C1FED1C0B7CF9E91162BAAFA /* Pods-timeboARd.debug.xcconfig */ = {isa = PBXFileReference; includeInIndex = 1; lastKnownFileType = text.xcconfig; name = "Pods-timeboARd.debug.xcconfig"; path = "Pods/Target Support Files/Pods-timeboARd/Pods-timeboARd.debug.xcconfig"; sourceTree = "<group>"; };
/* End PBXFileReference section */

/* Begin PBXFrameworksBuildPhase section */
		923B54671F9AE832004A45AA /* Frameworks */ = {
			isa = PBXFrameworksBuildPhase;
			buildActionMask = 2147483647;
			files = (
				46640350C73884E4BA6EDB00 /* Pods_timeboARd.framework in Frameworks */,
			);
			runOnlyForDeploymentPostprocessing = 0;
		};
/* End PBXFrameworksBuildPhase section */

/* Begin PBXGroup section */
		6E6506B8D7681B5512D5E17F /* Frameworks */ = {
			isa = PBXGroup;
			children = (
				1370543F4C62E015E6F609B6 /* Pods_timeboARd.framework */,
			);
			name = Frameworks;
			sourceTree = "<group>";
		};
		923B54611F9AE832004A45AA = {
			isa = PBXGroup;
			children = (
				923B546C1F9AE832004A45AA /* timeboARd */,
				923B546B1F9AE832004A45AA /* Products */,
				E9AB6426D387C73BB773E016 /* Pods */,
				6E6506B8D7681B5512D5E17F /* Frameworks */,
			);
			sourceTree = "<group>";
		};
		923B546B1F9AE832004A45AA /* Products */ = {
			isa = PBXGroup;
			children = (
				923B546A1F9AE832004A45AA /* timeboARd.app */,
			);
			name = Products;
			sourceTree = "<group>";
		};
		923B546C1F9AE832004A45AA /* timeboARd */ = {
			isa = PBXGroup;
			children = (
				923B546D1F9AE832004A45AA /* AppDelegate.swift */,
				923B546F1F9AE832004A45AA /* Scene.sks */,
				923B54711F9AE832004A45AA /* Scene.swift */,
				923B54731F9AE832004A45AA /* ViewController.swift */,
				923B54751F9AE832004A45AA /* Main.storyboard */,
				923B54781F9AE832004A45AA /* Assets.xcassets */,
				923B547A1F9AE832004A45AA /* LaunchScreen.storyboard */,
				923B547D1F9AE832004A45AA /* Info.plist */,
			);
			path = timeboARd;
			sourceTree = "<group>";
		};
		E9AB6426D387C73BB773E016 /* Pods */ = {
			isa = PBXGroup;
			children = (
				C1FED1C0B7CF9E91162BAAFA /* Pods-timeboARd.debug.xcconfig */,
				9DEBFB055058BD848138B8A1 /* Pods-timeboARd.release.xcconfig */,
			);
			name = Pods;
			sourceTree = "<group>";
		};
/* End PBXGroup section */

/* Begin PBXNativeTarget section */
		923B54691F9AE832004A45AA /* timeboARd */ = {
			isa = PBXNativeTarget;
			buildConfigurationList = 923B54801F9AE832004A45AA /* Build configuration list for PBXNativeTarget "timeboARd" */;
			buildPhases = (
				1589BEA0CE3747FDDE9C86DE /* [CP] Check Pods Manifest.lock */,
				923B54661F9AE832004A45AA /* Sources */,
				923B54671F9AE832004A45AA /* Frameworks */,
				923B54681F9AE832004A45AA /* Resources */,
				522DEA509197B9C94E873394 /* [CP] Embed Pods Frameworks */,
				BC9664D419A27E393F8B407B /* [CP] Copy Pods Resources */,
			);
			buildRules = (
			);
			dependencies = (
			);
			name = timeboARd;
			productName = timeboARd;
			productReference = 923B546A1F9AE832004A45AA /* timeboARd.app */;
			productType = "com.apple.product-type.application";
		};
/* End PBXNativeTarget section */

/* Begin PBXProject section */
		923B54621F9AE832004A45AA /* Project object */ = {
			isa = PBXProject;
			attributes = {
				LastSwiftUpdateCheck = 0900;
				LastUpgradeCheck = 0900;
				ORGANIZATIONNAME = "Anthony A. Nader";
				TargetAttributes = {
					923B54691F9AE832004A45AA = {
						CreatedOnToolsVersion = 9.0.1;
						ProvisioningStyle = Automatic;
					};
				};
			};
			buildConfigurationList = 923B54651F9AE832004A45AA /* Build configuration list for PBXProject "timeboARd" */;
			compatibilityVersion = "Xcode 8.0";
			developmentRegion = en;
			hasScannedForEncodings = 0;
			knownRegions = (
				en,
				Base,
			);
			mainGroup = 923B54611F9AE832004A45AA;
			productRefGroup = 923B546B1F9AE832004A45AA /* Products */;
			projectDirPath = "";
			projectRoot = "";
			targets = (
				923B54691F9AE832004A45AA /* timeboARd */,
			);
		};
/* End PBXProject section */

/* Begin PBXResourcesBuildPhase section */
		923B54681F9AE832004A45AA /* Resources */ = {
			isa = PBXResourcesBuildPhase;
			buildActionMask = 2147483647;
			files = (
				923B54701F9AE832004A45AA /* Scene.sks in Resources */,
				923B547C1F9AE832004A45AA /* LaunchScreen.storyboard in Resources */,
				923B54791F9AE832004A45AA /* Assets.xcassets in Resources */,
				923B54771F9AE832004A45AA /* Main.storyboard in Resources */,
			);
			runOnlyForDeploymentPostprocessing = 0;
		};
/* End PBXResourcesBuildPhase section */

/* Begin PBXShellScriptBuildPhase section */
		1589BEA0CE3747FDDE9C86DE /* [CP] Check Pods Manifest.lock */ = {
			isa = PBXShellScriptBuildPhase;
			buildActionMask = 2147483647;
			files = (
			);
			inputPaths = (
				"${PODS_PODFILE_DIR_PATH}/Podfile.lock",
				"${PODS_ROOT}/Manifest.lock",
			);
			name = "[CP] Check Pods Manifest.lock";
			outputPaths = (
				"$(DERIVED_FILE_DIR)/Pods-timeboARd-checkManifestLockResult.txt",
			);
			runOnlyForDeploymentPostprocessing = 0;
			shellPath = /bin/sh;
			shellScript = "diff \"${PODS_PODFILE_DIR_PATH}/Podfile.lock\" \"${PODS_ROOT}/Manifest.lock\" > /dev/null\nif [ $? != 0 ] ; then\n    # print error to STDERR\n    echo \"error: The sandbox is not in sync with the Podfile.lock. Run 'pod install' or update your CocoaPods installation.\" >&2\n    exit 1\nfi\n# This output is used by Xcode 'outputs' to avoid re-running this script phase.\necho \"SUCCESS\" > \"${SCRIPT_OUTPUT_FILE_0}\"\n";
			showEnvVarsInLog = 0;
		};
		522DEA509197B9C94E873394 /* [CP] Embed Pods Frameworks */ = {
			isa = PBXShellScriptBuildPhase;
			buildActionMask = 2147483647;
			files = (
			);
			inputPaths = (
				"${SRCROOT}/Pods/Target Support Files/Pods-timeboARd/Pods-timeboARd-frameworks.sh",
				"${BUILT_PRODUCTS_DIR}/AFNetworking/AFNetworking.framework",
				"${BUILT_PRODUCTS_DIR}/FLKAutoLayout/FLKAutoLayout.framework",
				"${BUILT_PRODUCTS_DIR}/ORStackView/ORStackView.framework",
				"${BUILT_PRODUCTS_DIR}/SwiftyJSON/SwiftyJSON.framework",
			);
			name = "[CP] Embed Pods Frameworks";
			outputPaths = (
				"${TARGET_BUILD_DIR}/${FRAMEWORKS_FOLDER_PATH}/AFNetworking.framework",
				"${TARGET_BUILD_DIR}/${FRAMEWORKS_FOLDER_PATH}/FLKAutoLayout.framework",
				"${TARGET_BUILD_DIR}/${FRAMEWORKS_FOLDER_PATH}/ORStackView.framework",
				"${TARGET_BUILD_DIR}/${FRAMEWORKS_FOLDER_PATH}/SwiftyJSON.framework",
			);
			runOnlyForDeploymentPostprocessing = 0;
			shellPath = /bin/sh;
			shellScript = "\"${SRCROOT}/Pods/Target Support Files/Pods-timeboARd/Pods-timeboARd-frameworks.sh\"\n";
			showEnvVarsInLog = 0;
		};
		BC9664D419A27E393F8B407B /* [CP] Copy Pods Resources */ = {
			isa = PBXShellScriptBuildPhase;
			buildActionMask = 2147483647;
			files = (
			);
			inputPaths = (
			);
			name = "[CP] Copy Pods Resources";
			outputPaths = (
			);
			runOnlyForDeploymentPostprocessing = 0;
			shellPath = /bin/sh;
			shellScript = "\"${SRCROOT}/Pods/Target Support Files/Pods-timeboARd/Pods-timeboARd-resources.sh\"\n";
			showEnvVarsInLog = 0;
		};
/* End PBXShellScriptBuildPhase section */

/* Begin PBXSourcesBuildPhase section */
		923B54661F9AE832004A45AA /* Sources */ = {
			isa = PBXSourcesBuildPhase;
			buildActionMask = 2147483647;
			files = (
				923B54741F9AE832004A45AA /* ViewController.swift in Sources */,
				923B54721F9AE832004A45AA /* Scene.swift in Sources */,
				923B546E1F9AE832004A45AA /* AppDelegate.swift in Sources */,
			);
			runOnlyForDeploymentPostprocessing = 0;
		};
/* End PBXSourcesBuildPhase section */

/* Begin PBXVariantGroup section */
		923B54751F9AE832004A45AA /* Main.storyboard */ = {
			isa = PBXVariantGroup;
			children = (
				923B54761F9AE832004A45AA /* Base */,
			);
			name = Main.storyboard;
			sourceTree = "<group>";
		};
		923B547A1F9AE832004A45AA /* LaunchScreen.storyboard */ = {
			isa = PBXVariantGroup;
			children = (
				923B547B1F9AE832004A45AA /* Base */,
			);
			name = LaunchScreen.storyboard;
			sourceTree = "<group>";
		};
/* End PBXVariantGroup section */

/* Begin XCBuildConfiguration section */
		923B547E1F9AE832004A45AA /* Debug */ = {
			isa = XCBuildConfiguration;
			buildSettings = {
				ALWAYS_SEARCH_USER_PATHS = NO;
				CLANG_ANALYZER_NONNULL = YES;
				CLANG_ANALYZER_NUMBER_OBJECT_CONVERSION = YES_AGGRESSIVE;
				CLANG_CXX_LANGUAGE_STANDARD = "gnu++14";
				CLANG_CXX_LIBRARY = "libc++";
				CLANG_ENABLE_MODULES = YES;
				CLANG_ENABLE_OBJC_ARC = YES;
				CLANG_WARN_BLOCK_CAPTURE_AUTORELEASING = YES;
				CLANG_WARN_BOOL_CONVERSION = YES;
				CLANG_WARN_COMMA = YES;
				CLANG_WARN_CONSTANT_CONVERSION = YES;
				CLANG_WARN_DIRECT_OBJC_ISA_USAGE = YES_ERROR;
				CLANG_WARN_DOCUMENTATION_COMMENTS = YES;
				CLANG_WARN_EMPTY_BODY = YES;
				CLANG_WARN_ENUM_CONVERSION = YES;
				CLANG_WARN_INFINITE_RECURSION = YES;
				CLANG_WARN_INT_CONVERSION = YES;
				CLANG_WARN_NON_LITERAL_NULL_CONVERSION = YES;
				CLANG_WARN_OBJC_LITERAL_CONVERSION = YES;
				CLANG_WARN_OBJC_ROOT_CLASS = YES_ERROR;
				CLANG_WARN_RANGE_LOOP_ANALYSIS = YES;
				CLANG_WARN_STRICT_PROTOTYPES = YES;
				CLANG_WARN_SUSPICIOUS_MOVE = YES;
				CLANG_WARN_UNGUARDED_AVAILABILITY = YES_AGGRESSIVE;
				CLANG_WARN_UNREACHABLE_CODE = YES;
				CLANG_WARN__DUPLICATE_METHOD_MATCH = YES;
				CODE_SIGN_IDENTITY = "iPhone Developer";
				COPY_PHASE_STRIP = NO;
				DEBUG_INFORMATION_FORMAT = dwarf;
				ENABLE_STRICT_OBJC_MSGSEND = YES;
				ENABLE_TESTABILITY = YES;
				GCC_C_LANGUAGE_STANDARD = gnu11;
				GCC_DYNAMIC_NO_PIC = NO;
				GCC_NO_COMMON_BLOCKS = YES;
				GCC_OPTIMIZATION_LEVEL = 0;
				GCC_PREPROCESSOR_DEFINITIONS = (
					"DEBUG=1",
					"$(inherited)",
				);
				GCC_WARN_64_TO_32_BIT_CONVERSION = YES;
				GCC_WARN_ABOUT_RETURN_TYPE = YES_ERROR;
				GCC_WARN_UNDECLARED_SELECTOR = YES;
				GCC_WARN_UNINITIALIZED_AUTOS = YES_AGGRESSIVE;
				GCC_WARN_UNUSED_FUNCTION = YES;
				GCC_WARN_UNUSED_VARIABLE = YES;
				IPHONEOS_DEPLOYMENT_TARGET = 11.0;
				MTL_ENABLE_DEBUG_INFO = YES;
				ONLY_ACTIVE_ARCH = YES;
				SDKROOT = iphoneos;
				SWIFT_ACTIVE_COMPILATION_CONDITIONS = DEBUG;
				SWIFT_OPTIMIZATION_LEVEL = "-Onone";
			};
			name = Debug;
		};
		923B547F1F9AE832004A45AA /* Release */ = {
			isa = XCBuildConfiguration;
			buildSettings = {
				ALWAYS_SEARCH_USER_PATHS = NO;
				CLANG_ANALYZER_NONNULL = YES;
				CLANG_ANALYZER_NUMBER_OBJECT_CONVERSION = YES_AGGRESSIVE;
				CLANG_CXX_LANGUAGE_STANDARD = "gnu++14";
				CLANG_CXX_LIBRARY = "libc++";
				CLANG_ENABLE_MODULES = YES;
				CLANG_ENABLE_OBJC_ARC = YES;
				CLANG_WARN_BLOCK_CAPTURE_AUTORELEASING = YES;
				CLANG_WARN_BOOL_CONVERSION = YES;
				CLANG_WARN_COMMA = YES;
				CLANG_WARN_CONSTANT_CONVERSION = YES;
				CLANG_WARN_DIRECT_OBJC_ISA_USAGE = YES_ERROR;
				CLANG_WARN_DOCUMENTATION_COMMENTS = YES;
				CLANG_WARN_EMPTY_BODY = YES;
				CLANG_WARN_ENUM_CONVERSION = YES;
				CLANG_WARN_INFINITE_RECURSION = YES;
				CLANG_WARN_INT_CONVERSION = YES;
				CLANG_WARN_NON_LITERAL_NULL_CONVERSION = YES;
				CLANG_WARN_OBJC_LITERAL_CONVERSION = YES;
				CLANG_WARN_OBJC_ROOT_CLASS = YES_ERROR;
				CLANG_WARN_RANGE_LOOP_ANALYSIS = YES;
				CLANG_WARN_STRICT_PROTOTYPES = YES;
				CLANG_WARN_SUSPICIOUS_MOVE = YES;
				CLANG_WARN_UNGUARDED_AVAILABILITY = YES_AGGRESSIVE;
				CLANG_WARN_UNREACHABLE_CODE = YES;
				CLANG_WARN__DUPLICATE_METHOD_MATCH = YES;
				CODE_SIGN_IDENTITY = "iPhone Developer";
				COPY_PHASE_STRIP = NO;
				DEBUG_INFORMATION_FORMAT = "dwarf-with-dsym";
				ENABLE_NS_ASSERTIONS = NO;
				ENABLE_STRICT_OBJC_MSGSEND = YES;
				GCC_C_LANGUAGE_STANDARD = gnu11;
				GCC_NO_COMMON_BLOCKS = YES;
				GCC_WARN_64_TO_32_BIT_CONVERSION = YES;
				GCC_WARN_ABOUT_RETURN_TYPE = YES_ERROR;
				GCC_WARN_UNDECLARED_SELECTOR = YES;
				GCC_WARN_UNINITIALIZED_AUTOS = YES_AGGRESSIVE;
				GCC_WARN_UNUSED_FUNCTION = YES;
				GCC_WARN_UNUSED_VARIABLE = YES;
				IPHONEOS_DEPLOYMENT_TARGET = 11.0;
				MTL_ENABLE_DEBUG_INFO = NO;
				SDKROOT = iphoneos;
				SWIFT_OPTIMIZATION_LEVEL = "-Owholemodule";
				VALIDATE_PRODUCT = YES;
			};
			name = Release;
		};
		923B54811F9AE832004A45AA /* Debug */ = {
			isa = XCBuildConfiguration;
			baseConfigurationReference = C1FED1C0B7CF9E91162BAAFA /* Pods-timeboARd.debug.xcconfig */;
			buildSettings = {
				ASSETCATALOG_COMPILER_APPICON_NAME = AppIcon;
				CODE_SIGN_STYLE = Automatic;
				DEVELOPMENT_TEAM = 7FH7F6J6R6;
				INFOPLIST_FILE = timeboARd/Info.plist;
				LD_RUNPATH_SEARCH_PATHS = "$(inherited) @executable_path/Frameworks";
				PRODUCT_BUNDLE_IDENTIFIER = com.timeboARd.timeboARd;
				PRODUCT_NAME = "$(TARGET_NAME)";
				SWIFT_VERSION = 4.0;
				TARGETED_DEVICE_FAMILY = "1,2";
			};
			name = Debug;
		};
		923B54821F9AE832004A45AA /* Release */ = {
			isa = XCBuildConfiguration;
			baseConfigurationReference = 9DEBFB055058BD848138B8A1 /* Pods-timeboARd.release.xcconfig */;
			buildSettings = {
				ASSETCATALOG_COMPILER_APPICON_NAME = AppIcon;
				CODE_SIGN_STYLE = Automatic;
				DEVELOPMENT_TEAM = 7FH7F6J6R6;
				INFOPLIST_FILE = timeboARd/Info.plist;
				LD_RUNPATH_SEARCH_PATHS = "$(inherited) @executable_path/Frameworks";
				PRODUCT_BUNDLE_IDENTIFIER = com.timeboARd.timeboARd;
				PRODUCT_NAME = "$(TARGET_NAME)";
				SWIFT_VERSION = 4.0;
				TARGETED_DEVICE_FAMILY = "1,2";
			};
			name = Release;
		};
/* End XCBuildConfiguration section */

/* Begin XCConfigurationList section */
		923B54651F9AE832004A45AA /* Build configuration list for PBXProject "timeboARd" */ = {
			isa = XCConfigurationList;
			buildConfigurations = (
				923B547E1F9AE832004A45AA /* Debug */,
				923B547F1F9AE832004A45AA /* Release */,
			);
			defaultConfigurationIsVisible = 0;
			defaultConfigurationName = Release;
		};
		923B54801F9AE832004A45AA /* Build configuration list for PBXNativeTarget "timeboARd" */ = {
			isa = XCConfigurationList;
			buildConfigurations = (
				923B54811F9AE832004A45AA /* Debug */,
				923B54821F9AE832004A45AA /* Release */,
			);
			defaultConfigurationIsVisible = 0;
			defaultConfigurationName = Release;
		};
/* End XCConfigurationList section */
	};
	rootObject = 923B54621F9AE832004A45AA /* Project object */;
}
